# generated by rye
# use `rye lock` or `rye sync` to update this lockfile
#
# last locked with the following flags:
#   pre: false
#   features: []
#   all-features: false
#   with-sources: false
#   generate-hashes: false
#   universal: false

-e file:.
attrs==23.2.0
    # via scape-utils
iniconfig==2.0.0
    # via pytest
numpy==2.0.0
    # via scape-utils
    # via tifffile
packaging==24.1
    # via pytest
pluggy==1.5.0
    # via pytest
pytest==8.2.2
ruff==0.5.1
tifffile==2024.7.2
    # via scape-utils
