# generated by rye
# use `rye lock` or `rye sync` to update this lockfile
#
# last locked with the following flags:
#   pre: false
#   features: []
#   all-features: false
#   with-sources: false
#   generate-hashes: false

-e file:.
attrs==23.2.0
    # via scape-utils
numpy==2.0.0
    # via scape-utils
    # via tifffile
tifffile==2024.7.2
    # via scape-utils
